
Microsoft Visual Studio Solution File, Format Version 12.00
# Visual Studio Version 16
VisualStudioVersion = 16.0.29613.14
MinimumVisualStudioVersion = 10.0.40219.1
Project("{FAE04EC0-301F-11D3-BF4B-00C04F79EFBC}") = "TIMS", "TIMS\TIMS.csproj", "{674BE51A-4E0F-496D-9467-006F6898D625}"
EndProject
Project("{9A19103F-16F7-4668-BE54-9A1E7A4F7556}") = "TIMSServer", "TIMSServer\TIMSServer.csproj", "{805160D2-BCD8-4AEF-BF4A-E44D2E89DF55}"
EndProject
Project("{9A19103F-16F7-4668-BE54-9A1E7A4F7556}") = "StoreViewer", "StoreViewer\StoreViewer.csproj", "{8F4E0189-9D03-4E1F-A582-AAE6F1DCACB1}"
EndProject
Project("{FAE04EC0-301F-11D3-BF4B-00C04F79EFBC}") = "TIMSServerModel", "TIMSServerModel\TIMSServerModel.csproj", "{402D3F26-5D98-4072-97E1-E6240C6F2A1E}"
EndProject
Project("{FAE04EC0-301F-11D3-BF4B-00C04F79EFBC}") = "Sierpinski", "Sierpinski\Sierpinski.csproj", "{B39C3A9F-A3CB-4305-BE31-B731AF857CD6}"
EndProject
Global
	GlobalSection(SolutionConfigurationPlatforms) = preSolution
		Debug|Any CPU = Debug|Any CPU
		Release|Any CPU = Release|Any CPU
	EndGlobalSection
	GlobalSection(ProjectConfigurationPlatforms) = postSolution
		{674BE51A-4E0F-496D-9467-006F6898D625}.Debug|Any CPU.ActiveCfg = Debug|Any CPU
		{674BE51A-4E0F-496D-9467-006F6898D625}.Debug|Any CPU.Build.0 = Debug|Any CPU
		{674BE51A-4E0F-496D-9467-006F6898D625}.Release|Any CPU.ActiveCfg = Release|Any CPU
		{674BE51A-4E0F-496D-9467-006F6898D625}.Release|Any CPU.Build.0 = Release|Any CPU
		{805160D2-BCD8-4AEF-BF4A-E44D2E89DF55}.Debug|Any CPU.ActiveCfg = Debug|Any CPU
		{805160D2-BCD8-4AEF-BF4A-E44D2E89DF55}.Debug|Any CPU.Build.0 = Debug|Any CPU
		{805160D2-BCD8-4AEF-BF4A-E44D2E89DF55}.Release|Any CPU.ActiveCfg = Release|Any CPU
		{805160D2-BCD8-4AEF-BF4A-E44D2E89DF55}.Release|Any CPU.Build.0 = Release|Any CPU
		{8F4E0189-9D03-4E1F-A582-AAE6F1DCACB1}.Debug|Any CPU.ActiveCfg = Debug|Any CPU
		{8F4E0189-9D03-4E1F-A582-AAE6F1DCACB1}.Debug|Any CPU.Build.0 = Debug|Any CPU
		{8F4E0189-9D03-4E1F-A582-AAE6F1DCACB1}.Release|Any CPU.ActiveCfg = Release|Any CPU
		{8F4E0189-9D03-4E1F-A582-AAE6F1DCACB1}.Release|Any CPU.Build.0 = Release|Any CPU
		{402D3F26-5D98-4072-97E1-E6240C6F2A1E}.Debug|Any CPU.ActiveCfg = Debug|Any CPU
		{402D3F26-5D98-4072-97E1-E6240C6F2A1E}.Debug|Any CPU.Build.0 = Debug|Any CPU
		{402D3F26-5D98-4072-97E1-E6240C6F2A1E}.Release|Any CPU.ActiveCfg = Release|Any CPU
		{402D3F26-5D98-4072-97E1-E6240C6F2A1E}.Release|Any CPU.Build.0 = Release|Any CPU
		{B39C3A9F-A3CB-4305-BE31-B731AF857CD6}.Debug|Any CPU.ActiveCfg = Debug|Any CPU
		{B39C3A9F-A3CB-4305-BE31-B731AF857CD6}.Debug|Any CPU.Build.0 = Debug|Any CPU
		{B39C3A9F-A3CB-4305-BE31-B731AF857CD6}.Release|Any CPU.ActiveCfg = Release|Any CPU
		{B39C3A9F-A3CB-4305-BE31-B731AF857CD6}.Release|Any CPU.Build.0 = Release|Any CPU
	EndGlobalSection
	GlobalSection(SolutionProperties) = preSolution
		HideSolutionNode = FALSE
	EndGlobalSection
	GlobalSection(ExtensibilityGlobals) = postSolution
		SolutionGuid = {44A29A05-4331-42C5-987B-ACDE11570940}
	EndGlobalSection
EndGlobal
