
Microsoft Visual Studio Solution File, Format Version 12.00
# Visual Studio Version 17
VisualStudioVersion = 17.2.32630.192
MinimumVisualStudioVersion = 10.0.40219.1
Project("{FAE04EC0-301F-11D3-BF4B-00C04F79EFBC}") = "TIMS", "TIMS\TIMS.csproj", "{674BE51A-4E0F-496D-9467-006F6898D625}"
EndProject
Project("{9A19103F-16F7-4668-BE54-9A1E7A4F7556}") = "TIMSServer", "TIMSServer\TIMSServer.csproj", "{805160D2-BCD8-4AEF-BF4A-E44D2E89DF55}"
EndProject
Project("{9A19103F-16F7-4668-BE54-9A1E7A4F7556}") = "StoreViewer", "StoreViewer\StoreViewer.csproj", "{8F4E0189-9D03-4E1F-A582-AAE6F1DCACB1}"
EndProject
Project("{FAE04EC0-301F-11D3-BF4B-00C04F79EFBC}") = "TIMSServerModel", "TIMSServerModel\TIMSServerModel.csproj", "{402D3F26-5D98-4072-97E1-E6240C6F2A1E}"
EndProject
Project("{FAE04EC0-301F-11D3-BF4B-00C04F79EFBC}") = "TIMSMobile", "TIMSMobile\TIMSMobile.csproj", "{42F3184A-E00C-4AB7-ADD6-433137E9CD5C}"
EndProject
Project("{9A19103F-16F7-4668-BE54-9A1E7A4F7556}") = "TIMSServerTests", "TIMSServerTests\TIMSServerTests.csproj", "{F08A7731-8627-4A9F-BF98-76671BCB610B}"
EndProject
Project("{FAE04EC0-301F-11D3-BF4B-00C04F79EFBC}") = "TIMSCentralServer", "TIMSCentralServer\TIMSCentralServer.csproj", "{3C405885-5FE8-45E4-B425-7E3CA3FCEF22}"
EndProject
Project("{FAE04EC0-301F-11D3-BF4B-00C04F79EFBC}") = "TIMSLauncher", "TIMSLauncher\TIMSLauncher.csproj", "{95FDA1E3-0A7D-4B5A-B046-AF6930570D29}"
EndProject
Project("{13B669BE-BB05-4DDF-9536-439F39A36129}") = "RevitacomWebsite", "RevitacomWebsite\RevitacomWebsite.phpproj", "{33003E55-079D-4FA6-893A-70FE4F6BB409}"
EndProject
Global
	GlobalSection(SolutionConfigurationPlatforms) = preSolution
		Debug|Any CPU = Debug|Any CPU
		Debug|iPhone = Debug|iPhone
		Debug|iPhoneSimulator = Debug|iPhoneSimulator
		Debug|x64 = Debug|x64
		Debug|x86 = Debug|x86
		Release|Any CPU = Release|Any CPU
		Release|iPhone = Release|iPhone
		Release|iPhoneSimulator = Release|iPhoneSimulator
		Release|x64 = Release|x64
		Release|x86 = Release|x86
	EndGlobalSection
	GlobalSection(ProjectConfigurationPlatforms) = postSolution
		{674BE51A-4E0F-496D-9467-006F6898D625}.Debug|Any CPU.ActiveCfg = Debug|Any CPU
		{674BE51A-4E0F-496D-9467-006F6898D625}.Debug|Any CPU.Build.0 = Debug|Any CPU
		{674BE51A-4E0F-496D-9467-006F6898D625}.Debug|iPhone.ActiveCfg = Debug|Any CPU
		{674BE51A-4E0F-496D-9467-006F6898D625}.Debug|iPhone.Build.0 = Debug|Any CPU
		{674BE51A-4E0F-496D-9467-006F6898D625}.Debug|iPhoneSimulator.ActiveCfg = Debug|Any CPU
		{674BE51A-4E0F-496D-9467-006F6898D625}.Debug|iPhoneSimulator.Build.0 = Debug|Any CPU
		{674BE51A-4E0F-496D-9467-006F6898D625}.Debug|x64.ActiveCfg = Debug|Any CPU
		{674BE51A-4E0F-496D-9467-006F6898D625}.Debug|x64.Build.0 = Debug|Any CPU
		{674BE51A-4E0F-496D-9467-006F6898D625}.Debug|x86.ActiveCfg = Debug|Any CPU
		{674BE51A-4E0F-496D-9467-006F6898D625}.Debug|x86.Build.0 = Debug|Any CPU
		{674BE51A-4E0F-496D-9467-006F6898D625}.Release|Any CPU.ActiveCfg = Release|Any CPU
		{674BE51A-4E0F-496D-9467-006F6898D625}.Release|Any CPU.Build.0 = Release|Any CPU
		{674BE51A-4E0F-496D-9467-006F6898D625}.Release|iPhone.ActiveCfg = Release|Any CPU
		{674BE51A-4E0F-496D-9467-006F6898D625}.Release|iPhone.Build.0 = Release|Any CPU
		{674BE51A-4E0F-496D-9467-006F6898D625}.Release|iPhoneSimulator.ActiveCfg = Release|Any CPU
		{674BE51A-4E0F-496D-9467-006F6898D625}.Release|iPhoneSimulator.Build.0 = Release|Any CPU
		{674BE51A-4E0F-496D-9467-006F6898D625}.Release|x64.ActiveCfg = Release|Any CPU
		{674BE51A-4E0F-496D-9467-006F6898D625}.Release|x64.Build.0 = Release|Any CPU
		{674BE51A-4E0F-496D-9467-006F6898D625}.Release|x86.ActiveCfg = Release|Any CPU
		{674BE51A-4E0F-496D-9467-006F6898D625}.Release|x86.Build.0 = Release|Any CPU
		{805160D2-BCD8-4AEF-BF4A-E44D2E89DF55}.Debug|Any CPU.ActiveCfg = Debug|Any CPU
		{805160D2-BCD8-4AEF-BF4A-E44D2E89DF55}.Debug|Any CPU.Build.0 = Debug|Any CPU
		{805160D2-BCD8-4AEF-BF4A-E44D2E89DF55}.Debug|iPhone.ActiveCfg = Debug|Any CPU
		{805160D2-BCD8-4AEF-BF4A-E44D2E89DF55}.Debug|iPhone.Build.0 = Debug|Any CPU
		{805160D2-BCD8-4AEF-BF4A-E44D2E89DF55}.Debug|iPhoneSimulator.ActiveCfg = Debug|Any CPU
		{805160D2-BCD8-4AEF-BF4A-E44D2E89DF55}.Debug|iPhoneSimulator.Build.0 = Debug|Any CPU
		{805160D2-BCD8-4AEF-BF4A-E44D2E89DF55}.Debug|x64.ActiveCfg = Debug|x64
		{805160D2-BCD8-4AEF-BF4A-E44D2E89DF55}.Debug|x64.Build.0 = Debug|x64
		{805160D2-BCD8-4AEF-BF4A-E44D2E89DF55}.Debug|x86.ActiveCfg = Debug|x86
		{805160D2-BCD8-4AEF-BF4A-E44D2E89DF55}.Debug|x86.Build.0 = Debug|x86
		{805160D2-BCD8-4AEF-BF4A-E44D2E89DF55}.Release|Any CPU.ActiveCfg = Release|Any CPU
		{805160D2-BCD8-4AEF-BF4A-E44D2E89DF55}.Release|Any CPU.Build.0 = Release|Any CPU
		{805160D2-BCD8-4AEF-BF4A-E44D2E89DF55}.Release|iPhone.ActiveCfg = Release|Any CPU
		{805160D2-BCD8-4AEF-BF4A-E44D2E89DF55}.Release|iPhone.Build.0 = Release|Any CPU
		{805160D2-BCD8-4AEF-BF4A-E44D2E89DF55}.Release|iPhoneSimulator.ActiveCfg = Release|Any CPU
		{805160D2-BCD8-4AEF-BF4A-E44D2E89DF55}.Release|iPhoneSimulator.Build.0 = Release|Any CPU
		{805160D2-BCD8-4AEF-BF4A-E44D2E89DF55}.Release|x64.ActiveCfg = Release|x64
		{805160D2-BCD8-4AEF-BF4A-E44D2E89DF55}.Release|x64.Build.0 = Release|x64
		{805160D2-BCD8-4AEF-BF4A-E44D2E89DF55}.Release|x86.ActiveCfg = Release|x86
		{805160D2-BCD8-4AEF-BF4A-E44D2E89DF55}.Release|x86.Build.0 = Release|x86
		{8F4E0189-9D03-4E1F-A582-AAE6F1DCACB1}.Debug|Any CPU.ActiveCfg = Debug|Any CPU
		{8F4E0189-9D03-4E1F-A582-AAE6F1DCACB1}.Debug|Any CPU.Build.0 = Debug|Any CPU
		{8F4E0189-9D03-4E1F-A582-AAE6F1DCACB1}.Debug|iPhone.ActiveCfg = Debug|Any CPU
		{8F4E0189-9D03-4E1F-A582-AAE6F1DCACB1}.Debug|iPhone.Build.0 = Debug|Any CPU
		{8F4E0189-9D03-4E1F-A582-AAE6F1DCACB1}.Debug|iPhoneSimulator.ActiveCfg = Debug|Any CPU
		{8F4E0189-9D03-4E1F-A582-AAE6F1DCACB1}.Debug|iPhoneSimulator.Build.0 = Debug|Any CPU
		{8F4E0189-9D03-4E1F-A582-AAE6F1DCACB1}.Debug|x64.ActiveCfg = Debug|Any CPU
		{8F4E0189-9D03-4E1F-A582-AAE6F1DCACB1}.Debug|x64.Build.0 = Debug|Any CPU
		{8F4E0189-9D03-4E1F-A582-AAE6F1DCACB1}.Debug|x86.ActiveCfg = Debug|Any CPU
		{8F4E0189-9D03-4E1F-A582-AAE6F1DCACB1}.Debug|x86.Build.0 = Debug|Any CPU
		{8F4E0189-9D03-4E1F-A582-AAE6F1DCACB1}.Release|Any CPU.ActiveCfg = Release|Any CPU
		{8F4E0189-9D03-4E1F-A582-AAE6F1DCACB1}.Release|Any CPU.Build.0 = Release|Any CPU
		{8F4E0189-9D03-4E1F-A582-AAE6F1DCACB1}.Release|iPhone.ActiveCfg = Release|Any CPU
		{8F4E0189-9D03-4E1F-A582-AAE6F1DCACB1}.Release|iPhone.Build.0 = Release|Any CPU
		{8F4E0189-9D03-4E1F-A582-AAE6F1DCACB1}.Release|iPhoneSimulator.ActiveCfg = Release|Any CPU
		{8F4E0189-9D03-4E1F-A582-AAE6F1DCACB1}.Release|iPhoneSimulator.Build.0 = Release|Any CPU
		{8F4E0189-9D03-4E1F-A582-AAE6F1DCACB1}.Release|x64.ActiveCfg = Release|Any CPU
		{8F4E0189-9D03-4E1F-A582-AAE6F1DCACB1}.Release|x64.Build.0 = Release|Any CPU
		{8F4E0189-9D03-4E1F-A582-AAE6F1DCACB1}.Release|x86.ActiveCfg = Release|Any CPU
		{8F4E0189-9D03-4E1F-A582-AAE6F1DCACB1}.Release|x86.Build.0 = Release|Any CPU
		{402D3F26-5D98-4072-97E1-E6240C6F2A1E}.Debug|Any CPU.ActiveCfg = Debug|Any CPU
		{402D3F26-5D98-4072-97E1-E6240C6F2A1E}.Debug|Any CPU.Build.0 = Debug|Any CPU
		{402D3F26-5D98-4072-97E1-E6240C6F2A1E}.Debug|iPhone.ActiveCfg = Debug|Any CPU
		{402D3F26-5D98-4072-97E1-E6240C6F2A1E}.Debug|iPhone.Build.0 = Debug|Any CPU
		{402D3F26-5D98-4072-97E1-E6240C6F2A1E}.Debug|iPhoneSimulator.ActiveCfg = Debug|Any CPU
		{402D3F26-5D98-4072-97E1-E6240C6F2A1E}.Debug|iPhoneSimulator.Build.0 = Debug|Any CPU
		{402D3F26-5D98-4072-97E1-E6240C6F2A1E}.Debug|x64.ActiveCfg = Debug|Any CPU
		{402D3F26-5D98-4072-97E1-E6240C6F2A1E}.Debug|x64.Build.0 = Debug|Any CPU
		{402D3F26-5D98-4072-97E1-E6240C6F2A1E}.Debug|x86.ActiveCfg = Debug|Any CPU
		{402D3F26-5D98-4072-97E1-E6240C6F2A1E}.Debug|x86.Build.0 = Debug|Any CPU
		{402D3F26-5D98-4072-97E1-E6240C6F2A1E}.Release|Any CPU.ActiveCfg = Release|Any CPU
		{402D3F26-5D98-4072-97E1-E6240C6F2A1E}.Release|Any CPU.Build.0 = Release|Any CPU
		{402D3F26-5D98-4072-97E1-E6240C6F2A1E}.Release|iPhone.ActiveCfg = Release|Any CPU
		{402D3F26-5D98-4072-97E1-E6240C6F2A1E}.Release|iPhone.Build.0 = Release|Any CPU
		{402D3F26-5D98-4072-97E1-E6240C6F2A1E}.Release|iPhoneSimulator.ActiveCfg = Release|Any CPU
		{402D3F26-5D98-4072-97E1-E6240C6F2A1E}.Release|iPhoneSimulator.Build.0 = Release|Any CPU
		{402D3F26-5D98-4072-97E1-E6240C6F2A1E}.Release|x64.ActiveCfg = Release|Any CPU
		{402D3F26-5D98-4072-97E1-E6240C6F2A1E}.Release|x64.Build.0 = Release|Any CPU
		{402D3F26-5D98-4072-97E1-E6240C6F2A1E}.Release|x86.ActiveCfg = Release|Any CPU
		{402D3F26-5D98-4072-97E1-E6240C6F2A1E}.Release|x86.Build.0 = Release|Any CPU
		{42F3184A-E00C-4AB7-ADD6-433137E9CD5C}.Debug|Any CPU.ActiveCfg = Debug|Any CPU
		{42F3184A-E00C-4AB7-ADD6-433137E9CD5C}.Debug|Any CPU.Build.0 = Debug|Any CPU
		{42F3184A-E00C-4AB7-ADD6-433137E9CD5C}.Debug|Any CPU.Deploy.0 = Debug|Any CPU
		{42F3184A-E00C-4AB7-ADD6-433137E9CD5C}.Debug|iPhone.ActiveCfg = Debug|Any CPU
		{42F3184A-E00C-4AB7-ADD6-433137E9CD5C}.Debug|iPhone.Build.0 = Debug|Any CPU
		{42F3184A-E00C-4AB7-ADD6-433137E9CD5C}.Debug|iPhone.Deploy.0 = Debug|Any CPU
		{42F3184A-E00C-4AB7-ADD6-433137E9CD5C}.Debug|iPhoneSimulator.ActiveCfg = Debug|Any CPU
		{42F3184A-E00C-4AB7-ADD6-433137E9CD5C}.Debug|iPhoneSimulator.Build.0 = Debug|Any CPU
		{42F3184A-E00C-4AB7-ADD6-433137E9CD5C}.Debug|iPhoneSimulator.Deploy.0 = Debug|Any CPU
		{42F3184A-E00C-4AB7-ADD6-433137E9CD5C}.Debug|x64.ActiveCfg = Debug|Any CPU
		{42F3184A-E00C-4AB7-ADD6-433137E9CD5C}.Debug|x64.Build.0 = Debug|Any CPU
		{42F3184A-E00C-4AB7-ADD6-433137E9CD5C}.Debug|x64.Deploy.0 = Debug|Any CPU
		{42F3184A-E00C-4AB7-ADD6-433137E9CD5C}.Debug|x86.ActiveCfg = Debug|Any CPU
		{42F3184A-E00C-4AB7-ADD6-433137E9CD5C}.Debug|x86.Build.0 = Debug|Any CPU
		{42F3184A-E00C-4AB7-ADD6-433137E9CD5C}.Debug|x86.Deploy.0 = Debug|Any CPU
		{42F3184A-E00C-4AB7-ADD6-433137E9CD5C}.Release|Any CPU.ActiveCfg = Release|Any CPU
		{42F3184A-E00C-4AB7-ADD6-433137E9CD5C}.Release|Any CPU.Build.0 = Release|Any CPU
		{42F3184A-E00C-4AB7-ADD6-433137E9CD5C}.Release|Any CPU.Deploy.0 = Release|Any CPU
		{42F3184A-E00C-4AB7-ADD6-433137E9CD5C}.Release|iPhone.ActiveCfg = Release|Any CPU
		{42F3184A-E00C-4AB7-ADD6-433137E9CD5C}.Release|iPhone.Build.0 = Release|Any CPU
		{42F3184A-E00C-4AB7-ADD6-433137E9CD5C}.Release|iPhone.Deploy.0 = Release|Any CPU
		{42F3184A-E00C-4AB7-ADD6-433137E9CD5C}.Release|iPhoneSimulator.ActiveCfg = Release|Any CPU
		{42F3184A-E00C-4AB7-ADD6-433137E9CD5C}.Release|iPhoneSimulator.Build.0 = Release|Any CPU
		{42F3184A-E00C-4AB7-ADD6-433137E9CD5C}.Release|iPhoneSimulator.Deploy.0 = Release|Any CPU
		{42F3184A-E00C-4AB7-ADD6-433137E9CD5C}.Release|x64.ActiveCfg = Release|Any CPU
		{42F3184A-E00C-4AB7-ADD6-433137E9CD5C}.Release|x64.Build.0 = Release|Any CPU
		{42F3184A-E00C-4AB7-ADD6-433137E9CD5C}.Release|x64.Deploy.0 = Release|Any CPU
		{42F3184A-E00C-4AB7-ADD6-433137E9CD5C}.Release|x86.ActiveCfg = Release|Any CPU
		{42F3184A-E00C-4AB7-ADD6-433137E9CD5C}.Release|x86.Build.0 = Release|Any CPU
		{42F3184A-E00C-4AB7-ADD6-433137E9CD5C}.Release|x86.Deploy.0 = Release|Any CPU
		{F08A7731-8627-4A9F-BF98-76671BCB610B}.Debug|Any CPU.ActiveCfg = Debug|Any CPU
		{F08A7731-8627-4A9F-BF98-76671BCB610B}.Debug|Any CPU.Build.0 = Debug|Any CPU
		{F08A7731-8627-4A9F-BF98-76671BCB610B}.Debug|iPhone.ActiveCfg = Debug|Any CPU
		{F08A7731-8627-4A9F-BF98-76671BCB610B}.Debug|iPhone.Build.0 = Debug|Any CPU
		{F08A7731-8627-4A9F-BF98-76671BCB610B}.Debug|iPhoneSimulator.ActiveCfg = Debug|Any CPU
		{F08A7731-8627-4A9F-BF98-76671BCB610B}.Debug|iPhoneSimulator.Build.0 = Debug|Any CPU
		{F08A7731-8627-4A9F-BF98-76671BCB610B}.Debug|x64.ActiveCfg = Debug|Any CPU
		{F08A7731-8627-4A9F-BF98-76671BCB610B}.Debug|x64.Build.0 = Debug|Any CPU
		{F08A7731-8627-4A9F-BF98-76671BCB610B}.Debug|x86.ActiveCfg = Debug|Any CPU
		{F08A7731-8627-4A9F-BF98-76671BCB610B}.Debug|x86.Build.0 = Debug|Any CPU
		{F08A7731-8627-4A9F-BF98-76671BCB610B}.Release|Any CPU.ActiveCfg = Release|Any CPU
		{F08A7731-8627-4A9F-BF98-76671BCB610B}.Release|Any CPU.Build.0 = Release|Any CPU
		{F08A7731-8627-4A9F-BF98-76671BCB610B}.Release|iPhone.ActiveCfg = Release|Any CPU
		{F08A7731-8627-4A9F-BF98-76671BCB610B}.Release|iPhone.Build.0 = Release|Any CPU
		{F08A7731-8627-4A9F-BF98-76671BCB610B}.Release|iPhoneSimulator.ActiveCfg = Release|Any CPU
		{F08A7731-8627-4A9F-BF98-76671BCB610B}.Release|iPhoneSimulator.Build.0 = Release|Any CPU
		{F08A7731-8627-4A9F-BF98-76671BCB610B}.Release|x64.ActiveCfg = Release|Any CPU
		{F08A7731-8627-4A9F-BF98-76671BCB610B}.Release|x64.Build.0 = Release|Any CPU
		{F08A7731-8627-4A9F-BF98-76671BCB610B}.Release|x86.ActiveCfg = Release|Any CPU
		{F08A7731-8627-4A9F-BF98-76671BCB610B}.Release|x86.Build.0 = Release|Any CPU
		{3C405885-5FE8-45E4-B425-7E3CA3FCEF22}.Debug|Any CPU.ActiveCfg = Debug|Any CPU
		{3C405885-5FE8-45E4-B425-7E3CA3FCEF22}.Debug|Any CPU.Build.0 = Debug|Any CPU
		{3C405885-5FE8-45E4-B425-7E3CA3FCEF22}.Debug|iPhone.ActiveCfg = Debug|Any CPU
		{3C405885-5FE8-45E4-B425-7E3CA3FCEF22}.Debug|iPhone.Build.0 = Debug|Any CPU
		{3C405885-5FE8-45E4-B425-7E3CA3FCEF22}.Debug|iPhoneSimulator.ActiveCfg = Debug|Any CPU
		{3C405885-5FE8-45E4-B425-7E3CA3FCEF22}.Debug|iPhoneSimulator.Build.0 = Debug|Any CPU
		{3C405885-5FE8-45E4-B425-7E3CA3FCEF22}.Debug|x64.ActiveCfg = Debug|Any CPU
		{3C405885-5FE8-45E4-B425-7E3CA3FCEF22}.Debug|x64.Build.0 = Debug|Any CPU
		{3C405885-5FE8-45E4-B425-7E3CA3FCEF22}.Debug|x86.ActiveCfg = Debug|Any CPU
		{3C405885-5FE8-45E4-B425-7E3CA3FCEF22}.Debug|x86.Build.0 = Debug|Any CPU
		{3C405885-5FE8-45E4-B425-7E3CA3FCEF22}.Release|Any CPU.ActiveCfg = Release|Any CPU
		{3C405885-5FE8-45E4-B425-7E3CA3FCEF22}.Release|Any CPU.Build.0 = Release|Any CPU
		{3C405885-5FE8-45E4-B425-7E3CA3FCEF22}.Release|iPhone.ActiveCfg = Release|Any CPU
		{3C405885-5FE8-45E4-B425-7E3CA3FCEF22}.Release|iPhone.Build.0 = Release|Any CPU
		{3C405885-5FE8-45E4-B425-7E3CA3FCEF22}.Release|iPhoneSimulator.ActiveCfg = Release|Any CPU
		{3C405885-5FE8-45E4-B425-7E3CA3FCEF22}.Release|iPhoneSimulator.Build.0 = Release|Any CPU
		{3C405885-5FE8-45E4-B425-7E3CA3FCEF22}.Release|x64.ActiveCfg = Release|Any CPU
		{3C405885-5FE8-45E4-B425-7E3CA3FCEF22}.Release|x64.Build.0 = Release|Any CPU
		{3C405885-5FE8-45E4-B425-7E3CA3FCEF22}.Release|x86.ActiveCfg = Release|Any CPU
		{3C405885-5FE8-45E4-B425-7E3CA3FCEF22}.Release|x86.Build.0 = Release|Any CPU
		{95FDA1E3-0A7D-4B5A-B046-AF6930570D29}.Debug|Any CPU.ActiveCfg = Debug|Any CPU
		{95FDA1E3-0A7D-4B5A-B046-AF6930570D29}.Debug|Any CPU.Build.0 = Debug|Any CPU
		{95FDA1E3-0A7D-4B5A-B046-AF6930570D29}.Debug|iPhone.ActiveCfg = Debug|Any CPU
		{95FDA1E3-0A7D-4B5A-B046-AF6930570D29}.Debug|iPhone.Build.0 = Debug|Any CPU
		{95FDA1E3-0A7D-4B5A-B046-AF6930570D29}.Debug|iPhoneSimulator.ActiveCfg = Debug|Any CPU
		{95FDA1E3-0A7D-4B5A-B046-AF6930570D29}.Debug|iPhoneSimulator.Build.0 = Debug|Any CPU
		{95FDA1E3-0A7D-4B5A-B046-AF6930570D29}.Debug|x64.ActiveCfg = Debug|Any CPU
		{95FDA1E3-0A7D-4B5A-B046-AF6930570D29}.Debug|x64.Build.0 = Debug|Any CPU
		{95FDA1E3-0A7D-4B5A-B046-AF6930570D29}.Debug|x86.ActiveCfg = Debug|Any CPU
		{95FDA1E3-0A7D-4B5A-B046-AF6930570D29}.Debug|x86.Build.0 = Debug|Any CPU
		{95FDA1E3-0A7D-4B5A-B046-AF6930570D29}.Release|Any CPU.ActiveCfg = Release|Any CPU
		{95FDA1E3-0A7D-4B5A-B046-AF6930570D29}.Release|Any CPU.Build.0 = Release|Any CPU
		{95FDA1E3-0A7D-4B5A-B046-AF6930570D29}.Release|iPhone.ActiveCfg = Release|Any CPU
		{95FDA1E3-0A7D-4B5A-B046-AF6930570D29}.Release|iPhone.Build.0 = Release|Any CPU
		{95FDA1E3-0A7D-4B5A-B046-AF6930570D29}.Release|iPhoneSimulator.ActiveCfg = Release|Any CPU
		{95FDA1E3-0A7D-4B5A-B046-AF6930570D29}.Release|iPhoneSimulator.Build.0 = Release|Any CPU
		{95FDA1E3-0A7D-4B5A-B046-AF6930570D29}.Release|x64.ActiveCfg = Release|Any CPU
		{95FDA1E3-0A7D-4B5A-B046-AF6930570D29}.Release|x64.Build.0 = Release|Any CPU
		{95FDA1E3-0A7D-4B5A-B046-AF6930570D29}.Release|x86.ActiveCfg = Release|Any CPU
		{95FDA1E3-0A7D-4B5A-B046-AF6930570D29}.Release|x86.Build.0 = Release|Any CPU
		{33003E55-079D-4FA6-893A-70FE4F6BB409}.Debug|Any CPU.ActiveCfg = Debug|Any CPU
		{33003E55-079D-4FA6-893A-70FE4F6BB409}.Debug|Any CPU.Build.0 = Debug|Any CPU
		{33003E55-079D-4FA6-893A-70FE4F6BB409}.Debug|iPhone.ActiveCfg = Debug|Any CPU
		{33003E55-079D-4FA6-893A-70FE4F6BB409}.Debug|iPhone.Build.0 = Debug|Any CPU
		{33003E55-079D-4FA6-893A-70FE4F6BB409}.Debug|iPhoneSimulator.ActiveCfg = Debug|Any CPU
		{33003E55-079D-4FA6-893A-70FE4F6BB409}.Debug|iPhoneSimulator.Build.0 = Debug|Any CPU
		{33003E55-079D-4FA6-893A-70FE4F6BB409}.Debug|x64.ActiveCfg = Debug|Any CPU
		{33003E55-079D-4FA6-893A-70FE4F6BB409}.Debug|x64.Build.0 = Debug|Any CPU
		{33003E55-079D-4FA6-893A-70FE4F6BB409}.Debug|x86.ActiveCfg = Debug|Any CPU
		{33003E55-079D-4FA6-893A-70FE4F6BB409}.Debug|x86.Build.0 = Debug|Any CPU
		{33003E55-079D-4FA6-893A-70FE4F6BB409}.Release|Any CPU.ActiveCfg = Release|Any CPU
		{33003E55-079D-4FA6-893A-70FE4F6BB409}.Release|Any CPU.Build.0 = Release|Any CPU
		{33003E55-079D-4FA6-893A-70FE4F6BB409}.Release|iPhone.ActiveCfg = Release|Any CPU
		{33003E55-079D-4FA6-893A-70FE4F6BB409}.Release|iPhone.Build.0 = Release|Any CPU
		{33003E55-079D-4FA6-893A-70FE4F6BB409}.Release|iPhoneSimulator.ActiveCfg = Release|Any CPU
		{33003E55-079D-4FA6-893A-70FE4F6BB409}.Release|iPhoneSimulator.Build.0 = Release|Any CPU
		{33003E55-079D-4FA6-893A-70FE4F6BB409}.Release|x64.ActiveCfg = Release|Any CPU
		{33003E55-079D-4FA6-893A-70FE4F6BB409}.Release|x64.Build.0 = Release|Any CPU
		{33003E55-079D-4FA6-893A-70FE4F6BB409}.Release|x86.ActiveCfg = Release|Any CPU
		{33003E55-079D-4FA6-893A-70FE4F6BB409}.Release|x86.Build.0 = Release|Any CPU
	EndGlobalSection
	GlobalSection(SolutionProperties) = preSolution
		HideSolutionNode = FALSE
	EndGlobalSection
	GlobalSection(ExtensibilityGlobals) = postSolution
		SolutionGuid = {44A29A05-4331-42C5-987B-ACDE11570940}
	EndGlobalSection
EndGlobal
